
Microsoft Visual Studio Solution File, Format Version 12.00
# Visual Studio Version 16
VisualStudioVersion = 16.0.31515.178
MinimumVisualStudioVersion = 10.0.40219.1
Project("{9A19103F-16F7-4668-BE54-9A1E7A4F7556}") = "FlightBot.Bot", "FlightBot.Bot\FlightBot.Bot.csproj", "{323295D2-2014-49D9-84F2-BFF1C0E1C171}"
EndProject
Project("{9A19103F-16F7-4668-BE54-9A1E7A4F7556}") = "FlightBot.Services", "FlightBot.Services\FlightBot.Services.csproj", "{168A4625-21B2-48F4-AB8F-7F7F202F0E83}"
EndProject
Project("{FAE04EC0-301F-11D3-BF4B-00C04F79EFBC}") = "FlightBot.Conversation", "FlightBot.Conversation\FlightBot.Conversation.csproj", "{CDFD58EA-442F-44E5-A9C5-5877067BD045}"
EndProject
Global
	GlobalSection(SolutionConfigurationPlatforms) = preSolution
		Debug|Any CPU = Debug|Any CPU
		Release|Any CPU = Release|Any CPU
	EndGlobalSection
	GlobalSection(ProjectConfigurationPlatforms) = postSolution
		{323295D2-2014-49D9-84F2-BFF1C0E1C171}.Debug|Any CPU.ActiveCfg = Debug|Any CPU
		{323295D2-2014-49D9-84F2-BFF1C0E1C171}.Debug|Any CPU.Build.0 = Debug|Any CPU
		{323295D2-2014-49D9-84F2-BFF1C0E1C171}.Release|Any CPU.ActiveCfg = Release|Any CPU
		{323295D2-2014-49D9-84F2-BFF1C0E1C171}.Release|Any CPU.Build.0 = Release|Any CPU
		{168A4625-21B2-48F4-AB8F-7F7F202F0E83}.Debug|Any CPU.ActiveCfg = Debug|Any CPU
		{168A4625-21B2-48F4-AB8F-7F7F202F0E83}.Debug|Any CPU.Build.0 = Debug|Any CPU
		{168A4625-21B2-48F4-AB8F-7F7F202F0E83}.Release|Any CPU.ActiveCfg = Release|Any CPU
		{168A4625-21B2-48F4-AB8F-7F7F202F0E83}.Release|Any CPU.Build.0 = Release|Any CPU
		{CDFD58EA-442F-44E5-A9C5-5877067BD045}.Debug|Any CPU.ActiveCfg = Debug|Any CPU
		{CDFD58EA-442F-44E5-A9C5-5877067BD045}.Debug|Any CPU.Build.0 = Debug|Any CPU
		{CDFD58EA-442F-44E5-A9C5-5877067BD045}.Release|Any CPU.ActiveCfg = Release|Any CPU
		{CDFD58EA-442F-44E5-A9C5-5877067BD045}.Release|Any CPU.Build.0 = Release|Any CPU
	EndGlobalSection
	GlobalSection(SolutionProperties) = preSolution
		HideSolutionNode = FALSE
	EndGlobalSection
	GlobalSection(ExtensibilityGlobals) = postSolution
		SolutionGuid = {6069B53A-E054-4663-AA3B-3DD2DC596942}
	EndGlobalSection
EndGlobal
